
Microsoft Visual Studio Solution File, Format Version 12.00
# Visual Studio Version 16
VisualStudioVersion = 16.0.29709.97
MinimumVisualStudioVersion = 10.0.40219.1
Project("{9A19103F-16F7-4668-BE54-9A1E7A4F7556}") = "AspNetCoreNHibernate", "AspNetCoreNHibernate.csproj", "{854A5C18-BBF9-4BB6-A20A-71DCB2630F4A}"
EndProject
Global
	GlobalSection(SolutionConfigurationPlatforms) = preSolution
		Debug|Any CPU = Debug|Any CPU
		Release|Any CPU = Release|Any CPU
	EndGlobalSection
	GlobalSection(ProjectConfigurationPlatforms) = postSolution
		{854A5C18-BBF9-4BB6-A20A-71DCB2630F4A}.Debug|Any CPU.ActiveCfg = Debug|Any CPU
		{854A5C18-BBF9-4BB6-A20A-71DCB2630F4A}.Debug|Any CPU.Build.0 = Debug|Any CPU
		{854A5C18-BBF9-4BB6-A20A-71DCB2630F4A}.Release|Any CPU.ActiveCfg = Release|Any CPU
		{854A5C18-BBF9-4BB6-A20A-71DCB2630F4A}.Release|Any CPU.Build.0 = Release|Any CPU
	EndGlobalSection
	GlobalSection(SolutionProperties) = preSolution
		HideSolutionNode = FALSE
	EndGlobalSection
	GlobalSection(ExtensibilityGlobals) = postSolution
		SolutionGuid = {12363A4F-FD1D-40E3-8F5E-9C925FB7D709}
	EndGlobalSection
EndGlobal
